# @generated - this file is auto-generated by `mise lock` https://mise.en.dev/dev-tools/mise-lock.html

lockfile_version = 1

[[tools."aqua:neovim"]]
version = "0.11.6"
backend = "aqua:neovim"
specifiers = ["0.11.6"]

[tools."aqua:neovim"."platforms.linux-arm64"]
checksum = "sha256:8ddc0c101846145e830b17bbca50782ca9307eee4fab539d9e2ddaf8793c06f1"
url = "https://github.com/neovim/neovim/releases/download/v0.11.6/nvim-linux-arm64.tar.gz"
url_api = "https://api.github.com/repos/neovim/neovim/releases/assets/346172469"

[tools."aqua:neovim"."platforms.linux-x64"]
checksum = "sha256:2fc90b962327f73a78afbfb8203fd19db8db9cdf4ee5e2bef84704339add89cc"
url = "https://github.com/neovim/neovim/releases/download/v0.11.6/nvim-linux-x86_64.tar.gz"
url_api = "https://api.github.com/repos/neovim/neovim/releases/assets/346172465"

[tools."aqua:neovim"."platforms.macos-arm64"]
checksum = "sha256:d5ee93b67630d5a87f3d336d0f7e8b2fe6973aa653d3cc93b82b820e6538c1dd"
url = "https://github.com/neovim/neovim/releases/download/v0.11.6/nvim-macos-arm64.tar.gz"
url_api = "https://api.github.com/repos/neovim/neovim/releases/assets/346172468"

[tools."aqua:neovim"."platforms.macos-x64"]
checksum = "sha256:6e665bb0a711cf974050e0f7183dbb696b1e7425814eb87df7cb094a49054a06"
url = "https://github.com/neovim/neovim/releases/download/v0.11.6/nvim-macos-x86_64.tar.gz"
url_api = "https://api.github.com/repos/neovim/neovim/releases/assets/346172466"

[tools."aqua:neovim"."platforms.windows-x64"]
checksum = "sha256:90fc6d7cdf3d3388737caab1e2c554aa24b468f3a5cc38ef63857ddf1103513c"
url = "https://github.com/neovim/neovim/releases/download/v0.11.6/nvim-win64.zip"
url_api = "https://api.github.com/repos/neovim/neovim/releases/assets/346172479"

[[tools.bat]]
version = "0.25.0"
backend = "aqua:sharkdp/bat"
specifiers = ["0.25.0"]

[tools.bat."platforms.linux-arm64"]
url = "https://github.com/sharkdp/bat/releases/download/v0.25.0/bat-v0.25.0-aarch64-unknown-linux-gnu.tar.gz"
url_api = "https://api.github.com/repos/sharkdp/bat/releases/assets/218683011"

[tools.bat."platforms.linux-x64"]
url = "https://github.com/sharkdp/bat/releases/download/v0.25.0/bat-v0.25.0-x86_64-unknown-linux-gnu.tar.gz"
url_api = "https://api.github.com/repos/sharkdp/bat/releases/assets/218683426"

[tools.bat."platforms.macos-arm64"]
url = "https://github.com/sharkdp/bat/releases/download/v0.25.0/bat-v0.25.0-aarch64-apple-darwin.tar.gz"
url_api = "https://api.github.com/repos/sharkdp/bat/releases/assets/218682484"

[tools.bat."platforms.macos-x64"]
url = "https://github.com/sharkdp/bat/releases/download/v0.25.0/bat-v0.25.0-x86_64-apple-darwin.tar.gz"
url_api = "https://api.github.com/repos/sharkdp/bat/releases/assets/218683606"

[tools.bat."platforms.windows-x64"]
url = "https://github.com/sharkdp/bat/releases/download/v0.25.0/bat-v0.25.0-x86_64-pc-windows-msvc.zip"
url_api = "https://api.github.com/repos/sharkdp/bat/releases/assets/218683627"

[[tools.btop]]
version = "1.4.4"
backend = "aqua:aristocratos/btop"
specifiers = ["1.4.4"]

[tools.btop."platforms.linux-arm64"]
checksum = "sha256:e8845d3f69f6a32d00258a1f79c093970666ece3d05a430c7b24a16c56577bf5"
url = "https://github.com/aristocratos/btop/releases/download/v1.4.4/btop-aarch64-linux-musl.tbz"
url_api = "https://api.github.com/repos/aristocratos/btop/releases/assets/269753530"

[tools.btop."platforms.linux-x64"]
checksum = "sha256:fec7d1b59c671290a0f80d5a32617ea6d60412485fc04318fd194b9550ff6b49"
url = "https://github.com/aristocratos/btop/releases/download/v1.4.4/btop-x86_64-linux-musl.tbz"
url_api = "https://api.github.com/repos/aristocratos/btop/releases/assets/269753540"

[[tools.bun]]
version = "1.3.14"
backend = "core:bun"
specifiers = ["latest"]

[tools.bun."platforms.linux-arm64"]
checksum = "sha256:a27ffb63a8310375836e0d6f668ae17fa8d8d18b88c37c821c65331973a19a3b"
url = "https://github.com/oven-sh/bun/releases/download/bun-v1.3.14/bun-linux-aarch64.zip"

[tools.bun."platforms.linux-arm64-musl"]
checksum = "sha256:b98e0ad3625c5c00d1d5b5ff55605c7adddbfae151861e68ade57b2d3b8703bb"
url = "https://github.com/oven-sh/bun/releases/download/bun-v1.3.14/bun-linux-aarch64-musl.zip"

[tools.bun."platforms.linux-x64"]
checksum = "sha256:951ee2aee855f08595aeec6225226a298d3fea83a3dcd6465c09cbccdf7e848f"
url = "https://github.com/oven-sh/bun/releases/download/bun-v1.3.14/bun-linux-x64.zip"

[tools.bun."platforms.linux-x64-baseline"]
checksum = "sha256:a063908ae08b7852ca10939bbdc6ceed3ddabce8fb9402dce83d65d73b36e6c7"
url = "https://github.com/oven-sh/bun/releases/download/bun-v1.3.14/bun-linux-x64-baseline.zip"

[tools.bun."platforms.linux-x64-musl"]
checksum = "sha256:14bd9aedeebf1dba67e8def9531c89bc989ecfdf1de42e5bfcaf1b8cd9294719"
url = "https://github.com/oven-sh/bun/releases/download/bun-v1.3.14/bun-linux-x64-musl.zip"

[tools.bun."platforms.linux-x64-musl-baseline"]
checksum = "sha256:56a7d6806cf155536c0178f0ea5fbd098e684fa509ebdb4fc0a7e19fb65382dc"
url = "https://github.com/oven-sh/bun/releases/download/bun-v1.3.14/bun-linux-x64-musl-baseline.zip"

[tools.bun."platforms.macos-arm64"]
checksum = "sha256:d8b96221828ad6f97ac7ac0ab7e95872341af763001e8803e8267652c2652620"
url = "https://github.com/oven-sh/bun/releases/download/bun-v1.3.14/bun-darwin-aarch64.zip"

[tools.bun."platforms.macos-x64"]
checksum = "sha256:4183df3374623e5bab315c547cfa0974533cd457d86b73b639f7a87974cd6633"
url = "https://github.com/oven-sh/bun/releases/download/bun-v1.3.14/bun-darwin-x64.zip"

[tools.bun."platforms.macos-x64-baseline"]
checksum = "sha256:3e35ad6f53971a9834bf9e6786e2adf72b5f1921cc9a9c5fde073d2972944076"
url = "https://github.com/oven-sh/bun/releases/download/bun-v1.3.14/bun-darwin-x64-baseline.zip"

[tools.bun."platforms.windows-x64"]
checksum = "sha256:0a0620930b6675d7ba440e81f4e0e00d3cfbe096c4b140d3fff02205e9e18922"
url = "https://github.com/oven-sh/bun/releases/download/bun-v1.3.14/bun-windows-x64.zip"

[tools.bun."platforms.windows-x64-baseline"]
checksum = "sha256:538f9c846355d9e847b2671bc00c47da4229a0befb24df3282b739770f3b475f"
url = "https://github.com/oven-sh/bun/releases/download/bun-v1.3.14/bun-windows-x64-baseline.zip"

[[tools."cargo:caligula"]]
version = "0.5.0"
backend = "cargo:caligula"
specifiers = ["0.5.0"]

[[tools.chezmoi]]
version = "2.68.1"
backend = "aqua:twpayne/chezmoi"
specifiers = ["latest"]

[tools.chezmoi."platforms.linux-arm64"]
checksum = "sha256:057ab9ba1b0aa0615eadab1b25771ac1c837d79a4d60ace86296e4c8e2eae586"
url = "https://github.com/twpayne/chezmoi/releases/download/v2.68.1/chezmoi_2.68.1_linux_arm64.pkg.tar.zst"
url_api = "https://api.github.com/repos/twpayne/chezmoi/releases/assets/326635888"
provenance = "cosign"

[tools.chezmoi."platforms.linux-x64"]
checksum = "sha256:3013e9d8d5eeab832b28bc87c8666efddecfc0fe9a1c6597368d940498022fe1"
url = "https://github.com/twpayne/chezmoi/releases/download/v2.68.1/chezmoi_2.68.1_linux-glibc_amd64.tar.gz"
url_api = "https://api.github.com/repos/twpayne/chezmoi/releases/assets/326635877"
provenance = "cosign"

[tools.chezmoi."platforms.macos-arm64"]
checksum = "sha256:4d5f98464382a29cb717b9fc39fce720d451f996181a15dd0dc6ca16305dacef"
url = "https://github.com/twpayne/chezmoi/releases/download/v2.68.1/chezmoi_2.68.1_darwin_arm64.tar.gz"
url_api = "https://api.github.com/repos/twpayne/chezmoi/releases/assets/326635851"
provenance = "cosign"

[tools.chezmoi."platforms.macos-x64"]
checksum = "sha256:c40fe3eb799154ebc126e806e3cb037eff93f9b5e05d4c295d565291db670b10"
url = "https://github.com/twpayne/chezmoi/releases/download/v2.68.1/chezmoi_2.68.1_darwin_amd64.tar.gz"
url_api = "https://api.github.com/repos/twpayne/chezmoi/releases/assets/326635837"
provenance = "cosign"

[tools.chezmoi."platforms.windows-x64"]
checksum = "sha256:a48169627572aeeaf7a46ab0d30906f3786ab84235adf5819850c65762aef3b1"
url = "https://github.com/twpayne/chezmoi/releases/download/v2.68.1/chezmoi_2.68.1_windows_amd64.zip"
url_api = "https://api.github.com/repos/twpayne/chezmoi/releases/assets/326635789"
provenance = "cosign"

[[tools.cloudflared]]
version = "2025.11.1"
backend = "aqua:cloudflare/cloudflared"
specifiers = ["2025.11.1"]

[tools.cloudflared."platforms.linux-arm64"]
checksum = "sha256:9979dc152097a29b6de4d1ef13e2f1821c67a6f096f88cc18f0fd25106305d3a"
url = "https://github.com/cloudflare/cloudflared/releases/download/2025.11.1/cloudflared-linux-arm64"
url_api = "https://api.github.com/repos/cloudflare/cloudflared/releases/assets/313795132"

[tools.cloudflared."platforms.linux-x64"]
checksum = "sha256:991dffd8889ee9f0147b6b48933da9e4407e68ea8c6d984f55fa2d3db4bb431d"
url = "https://github.com/cloudflare/cloudflared/releases/download/2025.11.1/cloudflared-linux-amd64"
url_api = "https://api.github.com/repos/cloudflare/cloudflared/releases/assets/313795111"

[tools.cloudflared."platforms.macos-arm64"]
checksum = "sha256:45cfbb59a720f60b873906aa6469f8c4058f26be6d351c3e2920bc9cb4714273"
url = "https://github.com/cloudflare/cloudflared/releases/download/2025.11.1/cloudflared-darwin-arm64.tgz"
url_api = "https://api.github.com/repos/cloudflare/cloudflared/releases/assets/313795202"

[tools.cloudflared."platforms.macos-x64"]
checksum = "sha256:155a288fef19dba08f0c7145c16a207baf137462d8a1289a78bf8564f9e51244"
url = "https://github.com/cloudflare/cloudflared/releases/download/2025.11.1/cloudflared-darwin-amd64.tgz"
url_api = "https://api.github.com/repos/cloudflare/cloudflared/releases/assets/313795229"

[tools.cloudflared."platforms.windows-x64"]
checksum = "sha256:413f9b24dc6e61a455564651524f167b8ce29ac4ccd40703dea7af93cd37ed39"
url = "https://github.com/cloudflare/cloudflared/releases/download/2025.11.1/cloudflared-windows-amd64.exe"
url_api = "https://api.github.com/repos/cloudflare/cloudflared/releases/assets/313795247"

[[tools.deno]]
version = "2.7.14"
backend = "core:deno"
specifiers = ["2.7.14"]

[tools.deno."platforms.linux-arm64"]
checksum = "sha256:b815c919452b5993a7c22df018a88c2f706eea6b5e0aa7802b2b0709edde01e8"
url = "https://dl.deno.land/release/v2.7.14/deno-aarch64-unknown-linux-gnu.zip"

[tools.deno."platforms.linux-x64"]
checksum = "sha256:3287efef53606966469cb6a02781327be22b908959397f976e2996dc1b64ae0f"
url = "https://dl.deno.land/release/v2.7.14/deno-x86_64-unknown-linux-gnu.zip"

[tools.deno."platforms.macos-arm64"]
checksum = "sha256:aeb5825f83b4a9cd7f9355a1c4ddd666205dacf76ccb7b98c2b10e066bc9e4bb"
url = "https://dl.deno.land/release/v2.7.14/deno-aarch64-apple-darwin.zip"

[tools.deno."platforms.macos-x64"]
checksum = "sha256:c89149513bf8e82ab5b351dac544f8c0cada90753bd2f576f46325fb67997ae1"
url = "https://dl.deno.land/release/v2.7.14/deno-x86_64-apple-darwin.zip"

[tools.deno."platforms.windows-x64"]
checksum = "sha256:25f9871f5c1d9e999d60071f8069767134495fd601d2e2c7ce1e8c641487bda0"
url = "https://dl.deno.land/release/v2.7.14/deno-x86_64-pc-windows-msvc.zip"

[[tools.doggo]]
version = "1.0.5"
backend = "aqua:mr-karan/doggo"
specifiers = ["1.0.5"]

[tools.doggo."platforms.linux-arm64"]
checksum = "sha256:999eca7a590e4230fb63cc4390a74355ad16023b3103914c6c051b3f6bf8973d"
url = "https://github.com/mr-karan/doggo/releases/download/v1.0.5/doggo_1.0.5_Linux_arm64.tar.gz"
url_api = "https://api.github.com/repos/mr-karan/doggo/releases/assets/195854531"

[tools.doggo."platforms.linux-x64"]
checksum = "sha256:3e9047da1c473c3895230e4bf3303b1b7a5d1c82cc688043be431984e1de697d"
url = "https://github.com/mr-karan/doggo/releases/download/v1.0.5/doggo_1.0.5_Linux_x86_64.tar.gz"
url_api = "https://api.github.com/repos/mr-karan/doggo/releases/assets/195854545"

[tools.doggo."platforms.macos-arm64"]
checksum = "sha256:0535fdfc5084db88ca1eea2b6f90a64a1885303d669ff23ff4fe4860b5c556b1"
url = "https://github.com/mr-karan/doggo/releases/download/v1.0.5/doggo_1.0.5_Darwin_arm64.tar.gz"
url_api = "https://api.github.com/repos/mr-karan/doggo/releases/assets/195854539"

[tools.doggo."platforms.macos-x64"]
checksum = "sha256:c6d7d6d31d60adef4b65ea04e602c4a40e72545ba218fd5b3372cd8ea1561eea"
url = "https://github.com/mr-karan/doggo/releases/download/v1.0.5/doggo_1.0.5_Darwin_x86_64.tar.gz"
url_api = "https://api.github.com/repos/mr-karan/doggo/releases/assets/195854535"

[tools.doggo."platforms.windows-x64"]
checksum = "sha256:2dff0f18b26ae712ce6bfc89cc0290124465c0bba327f5157839fbebd5bae062"
url = "https://github.com/mr-karan/doggo/releases/download/v1.0.5/doggo_1.0.5_Windows_x86_64.zip"
url_api = "https://api.github.com/repos/mr-karan/doggo/releases/assets/195854546"

[[tools.fd]]
version = "10.2.0"
backend = "aqua:sharkdp/fd"
specifiers = ["10.2.0"]

[tools.fd."platforms.linux-arm64"]
url = "https://github.com/sharkdp/fd/releases/download/v10.2.0/fd-v10.2.0-aarch64-unknown-linux-gnu.tar.gz"
url_api = "https://api.github.com/repos/sharkdp/fd/releases/assets/187806861"

[tools.fd."platforms.linux-x64"]
url = "https://github.com/sharkdp/fd/releases/download/v10.2.0/fd-v10.2.0-x86_64-unknown-linux-gnu.tar.gz"
url_api = "https://api.github.com/repos/sharkdp/fd/releases/assets/187806462"

[tools.fd."platforms.macos-arm64"]
url = "https://github.com/sharkdp/fd/releases/download/v10.2.0/fd-v10.2.0-aarch64-apple-darwin.tar.gz"
url_api = "https://api.github.com/repos/sharkdp/fd/releases/assets/187806228"

[tools.fd."platforms.macos-x64"]
url = "https://github.com/sharkdp/fd/releases/download/v10.2.0/fd-v10.2.0-x86_64-apple-darwin.tar.gz"
url_api = "https://api.github.com/repos/sharkdp/fd/releases/assets/187806412"

[tools.fd."platforms.windows-x64"]
url = "https://github.com/sharkdp/fd/releases/download/v10.2.0/fd-v10.2.0-x86_64-pc-windows-msvc.zip"
url_api = "https://api.github.com/repos/sharkdp/fd/releases/assets/187806444"

[[tools.fzf]]
version = "0.62.0"
backend = "aqua:junegunn/fzf"
specifiers = ["0.62.0"]

[tools.fzf."platforms.linux-arm64"]
checksum = "sha256:929fd132705d02f222a52e23c076018ef3e699793dd5e8c3183bb11ed9b7696e"
url = "https://github.com/junegunn/fzf/releases/download/v0.62.0/fzf-0.62.0-linux_arm64.tar.gz"
url_api = "https://api.github.com/repos/junegunn/fzf/releases/assets/251727782"

[tools.fzf."platforms.linux-x64"]
checksum = "sha256:64b56dd484a2317d5f04c28ac0791b36807f034adb419209ad39fb6637255794"
url = "https://github.com/junegunn/fzf/releases/download/v0.62.0/fzf-0.62.0-linux_amd64.tar.gz"
url_api = "https://api.github.com/repos/junegunn/fzf/releases/assets/251727786"

[tools.fzf."platforms.macos-arm64"]
checksum = "sha256:7ea045ffec6d5461a983e299eccfaa66324373c6e3d1894568f09e47fa7560c1"
url = "https://github.com/junegunn/fzf/releases/download/v0.62.0/fzf-0.62.0-darwin_arm64.tar.gz"
url_api = "https://api.github.com/repos/junegunn/fzf/releases/assets/251727779"

[tools.fzf."platforms.macos-x64"]
checksum = "sha256:7657712753fea74f9390b0dc99d175a9336ca722de413cccfca16aae86720acd"
url = "https://github.com/junegunn/fzf/releases/download/v0.62.0/fzf-0.62.0-darwin_amd64.tar.gz"
url_api = "https://api.github.com/repos/junegunn/fzf/releases/assets/251727775"

[tools.fzf."platforms.windows-x64"]
checksum = "sha256:dac80c9d652c34f0ccd5d7c1c7b0e3ac9aa2e26c86d0a98b206ce5126f8a9774"
url = "https://github.com/junegunn/fzf/releases/download/v0.62.0/fzf-0.62.0-windows_amd64.zip"
url_api = "https://api.github.com/repos/junegunn/fzf/releases/assets/251727781"

[[tools.github-cli]]
version = "2.82.1"
backend = "aqua:cli/cli"
specifiers = ["2.82.1"]

[tools.github-cli."platforms.linux-arm64"]
checksum = "sha256:80b467daabeabf4379b5b7138f4b8b47f56670cc615ab288361a602ce413d8bf"
url = "https://github.com/cli/cli/releases/download/v2.82.1/gh_2.82.1_linux_arm64.tar.gz"
url_api = "https://api.github.com/repos/cli/cli/releases/assets/307127949"
provenance = "github-attestations"

[tools.github-cli."platforms.linux-x64"]
checksum = "sha256:afada88676dfccea384e6cc28ae990b3e31bbc55f9d75c4697f902c757fa462b"
url = "https://github.com/cli/cli/releases/download/v2.82.1/gh_2.82.1_linux_amd64.tar.gz"
url_api = "https://api.github.com/repos/cli/cli/releases/assets/307127947"
provenance = "github-attestations"

[tools.github-cli."platforms.macos-arm64"]
checksum = "sha256:8cf015d101a5a43bbf662155d47ba6242bd1a1630c814e764254efa86e448ba7"
url = "https://github.com/cli/cli/releases/download/v2.82.1/gh_2.82.1_macOS_arm64.zip"
url_api = "https://api.github.com/repos/cli/cli/releases/assets/307127963"
provenance = "github-attestations"

[tools.github-cli."platforms.macos-x64"]
checksum = "sha256:83499edd5830f345e01e187e4593a46919bd7440b43c5aabe2442ae918cad9f1"
url = "https://github.com/cli/cli/releases/download/v2.82.1/gh_2.82.1_macOS_amd64.zip"
url_api = "https://api.github.com/repos/cli/cli/releases/assets/307127961"
provenance = "github-attestations"

[tools.github-cli."platforms.windows-x64"]
checksum = "sha256:17bb2a19d25887cebd3b0ee2d3a3fdf56791eb0df15cf34b068fac56212f690b"
url = "https://github.com/cli/cli/releases/download/v2.82.1/gh_2.82.1_windows_amd64.zip"
url_api = "https://api.github.com/repos/cli/cli/releases/assets/307127972"
provenance = "github-attestations"

[[tools."github:anomalyco/opencode"]]
version = "1.18.4"
backend = "github:anomalyco/opencode"
specifiers = ["1.18.4"]

[[tools."github:nushell/nushell"]]
version = "0.108.0"
backend = "github:nushell/nushell"
specifiers = ["0.108.0"]

[[tools.go]]
version = "1.25.6"
backend = "core:go"
specifiers = ["1.25.6"]

[tools.go."platforms.linux-arm64"]
checksum = "sha256:738ef87d79c34272424ccdf83302b7b0300b8b096ed443896089306117943dd5"
url = "https://dl.google.com/go/go1.25.6.linux-arm64.tar.gz"

[tools.go."platforms.linux-x64"]
checksum = "sha256:f022b6aad78e362bcba9b0b94d09ad58c5a70c6ba3b7582905fababf5fe0181a"
url = "https://dl.google.com/go/go1.25.6.linux-amd64.tar.gz"

[tools.go."platforms.macos-arm64"]
checksum = "sha256:984521ae978a5377c7d782fd2dd953291840d7d3d0bd95781a1f32f16d94a006"
url = "https://dl.google.com/go/go1.25.6.darwin-arm64.tar.gz"

[tools.go."platforms.macos-x64"]
checksum = "sha256:e2b5b237f5c262931b8e280ac4b8363f156e19bfad5270c099998932819670b7"
url = "https://dl.google.com/go/go1.25.6.darwin-amd64.tar.gz"

[tools.go."platforms.windows-x64"]
checksum = "sha256:19b4733b727ba5c611b5656187f3ac367d278d64c3d4199a845e39c0fdac5335"
url = "https://dl.google.com/go/go1.25.6.windows-amd64.zip"

[[tools.jj]]
version = "0.34.0"
backend = "aqua:jj-vcs/jj"
specifiers = ["0.34.0"]

[tools.jj."platforms.linux-arm64"]
checksum = "sha256:39b5d689bcdc37256fe5f9ed9caccf5e73b310d1f86848fdf610a7bea9d75c14"
url = "https://github.com/jj-vcs/jj/releases/download/v0.34.0/jj-v0.34.0-aarch64-unknown-linux-musl.tar.gz"
url_api = "https://api.github.com/repos/jj-vcs/jj/releases/assets/299495690"

[tools.jj."platforms.linux-x64"]
checksum = "sha256:1e8e1ede656fecba91ceb8248a76402a110017ad677d0ecfd1f2040f5543cfa3"
url = "https://github.com/jj-vcs/jj/releases/download/v0.34.0/jj-v0.34.0-x86_64-unknown-linux-musl.tar.gz"
url_api = "https://api.github.com/repos/jj-vcs/jj/releases/assets/299496378"

[tools.jj."platforms.macos-arm64"]
checksum = "sha256:8893d34ff0c76e16fdf46ba8771ea2498294957aec5efb0618de15cc493aee27"
url = "https://github.com/jj-vcs/jj/releases/download/v0.34.0/jj-v0.34.0-aarch64-apple-darwin.tar.gz"
url_api = "https://api.github.com/repos/jj-vcs/jj/releases/assets/299496729"

[tools.jj."platforms.macos-x64"]
checksum = "sha256:807417125e574432b71c4568a0e2d6168c30af3b59e64ce02a45a54cf0880bd7"
url = "https://github.com/jj-vcs/jj/releases/download/v0.34.0/jj-v0.34.0-x86_64-apple-darwin.tar.gz"
url_api = "https://api.github.com/repos/jj-vcs/jj/releases/assets/299498995"

[tools.jj."platforms.windows-x64"]
checksum = "sha256:138f2642a99afb08aff0f7dc54b2076dcdc625d07a9a2e21b52895ea72db900e"
url = "https://github.com/jj-vcs/jj/releases/download/v0.34.0/jj-v0.34.0-x86_64-pc-windows-msvc.zip"
url_api = "https://api.github.com/repos/jj-vcs/jj/releases/assets/299496923"

[[tools.lazygit]]
version = "0.57.0"
backend = "aqua:jesseduffield/lazygit"
specifiers = ["0.57.0"]

[tools.lazygit."platforms.linux-arm64"]
checksum = "sha256:6bc14dcfafe943363226ed2a2c222d5dda68247acc9bdc382d129dd7fe98f985"
url = "https://github.com/jesseduffield/lazygit/releases/download/v0.57.0/lazygit_0.57.0_linux_arm64.tar.gz"
url_api = "https://api.github.com/repos/jesseduffield/lazygit/releases/assets/325142355"

[tools.lazygit."platforms.linux-x64"]
checksum = "sha256:ced011ecd1459d069c66128fbf172b7248c8b99d8983fa17d84a247a98146d5e"
url = "https://github.com/jesseduffield/lazygit/releases/download/v0.57.0/lazygit_0.57.0_linux_x86_64.tar.gz"
url_api = "https://api.github.com/repos/jesseduffield/lazygit/releases/assets/325142339"

[tools.lazygit."platforms.macos-arm64"]
checksum = "sha256:e90dd90c37bb012f1fe708e7f3d32d28747c8638c75a45268734c5e33277c3d0"
url = "https://github.com/jesseduffield/lazygit/releases/download/v0.57.0/lazygit_0.57.0_darwin_arm64.tar.gz"
url_api = "https://api.github.com/repos/jesseduffield/lazygit/releases/assets/325142338"

[tools.lazygit."platforms.macos-x64"]
checksum = "sha256:c34dd41ba01007b3684fd84761f7103dba4af087785200fa1d355a253acd31a2"
url = "https://github.com/jesseduffield/lazygit/releases/download/v0.57.0/lazygit_0.57.0_darwin_x86_64.tar.gz"
url_api = "https://api.github.com/repos/jesseduffield/lazygit/releases/assets/325142340"

[tools.lazygit."platforms.windows-x64"]
checksum = "sha256:775a210b3becd262a067d75be33d3d0ecd58cbc2dde3a36ca74e4757b080618c"
url = "https://github.com/jesseduffield/lazygit/releases/download/v0.57.0/lazygit_0.57.0_windows_x86_64.zip"
url_api = "https://api.github.com/repos/jesseduffield/lazygit/releases/assets/325142360"

[[tools.lsd]]
version = "1.1.5"
backend = "aqua:lsd-rs/lsd"
specifiers = ["1.1.5"]

[tools.lsd."platforms.linux-arm64"]
url = "https://github.com/lsd-rs/lsd/releases/download/v1.1.5/lsd-v1.1.5-aarch64-unknown-linux-gnu.tar.gz"
url_api = "https://api.github.com/repos/lsd-rs/lsd/releases/assets/187198099"

[tools.lsd."platforms.linux-x64"]
url = "https://github.com/lsd-rs/lsd/releases/download/v1.1.5/lsd-v1.1.5-x86_64-unknown-linux-gnu.tar.gz"
url_api = "https://api.github.com/repos/lsd-rs/lsd/releases/assets/187198093"

[tools.lsd."platforms.macos-arm64"]
url = "https://github.com/lsd-rs/lsd/releases/download/v1.1.5/lsd-v1.1.5-aarch64-apple-darwin.tar.gz"
url_api = "https://api.github.com/repos/lsd-rs/lsd/releases/assets/187197460"

[tools.lsd."platforms.macos-x64"]
url = "https://github.com/lsd-rs/lsd/releases/download/v1.1.5/lsd-v1.1.5-x86_64-apple-darwin.tar.gz"
url_api = "https://api.github.com/repos/lsd-rs/lsd/releases/assets/187197889"

[tools.lsd."platforms.windows-x64"]
url = "https://github.com/lsd-rs/lsd/releases/download/v1.1.5/lsd-v1.1.5-x86_64-pc-windows-msvc.zip"
url_api = "https://api.github.com/repos/lsd-rs/lsd/releases/assets/187198396"

[[tools.node]]
version = "26.6.0"
backend = "core:node"
specifiers = ["26.6.0"]

[tools.node."platforms.linux-arm64"]
checksum = "sha256:51c59de738843677a3c97bccbdbf9895141cb308bf25a95daeafd1aade09f0d5"
url = "https://nodejs.org/dist/v26.6.0/node-v26.6.0-linux-arm64.tar.gz"

[tools.node."platforms.linux-x64"]
checksum = "sha256:714f352a7539c5ce09af15e440cbaadbe935bb23ba23fcee66b066d00a063822"
url = "https://nodejs.org/dist/v26.6.0/node-v26.6.0-linux-x64.tar.gz"

[tools.node."platforms.macos-arm64"]
checksum = "sha256:75480cd43b6fcb35d8e772dd18983fbd9f691b2f03b1c94393206098e9944b5e"
url = "https://nodejs.org/dist/v26.6.0/node-v26.6.0-darwin-arm64.tar.gz"

[tools.node."platforms.macos-x64"]
checksum = "sha256:de075ffc09f33cc4b44ed38e1e4b2ef71f699b986f6d5952329da4973220726d"
url = "https://nodejs.org/dist/v26.6.0/node-v26.6.0-darwin-x64.tar.gz"

[tools.node."platforms.windows-x64"]
checksum = "sha256:aa81c8552f251ff280134985ccdaf16d336e2961b1e2c3eeb7b7b2221509f723"
url = "https://nodejs.org/dist/v26.6.0/node-v26.6.0-win-x64.zip"

[[tools."npm:@agentmemory/agentmemory"]]
version = "0.9.28"
backend = "npm:@agentmemory/agentmemory"
specifiers = ["0.9.28"]

[[tools."npm:@agentmemory/mcp"]]
version = "0.9.28"
backend = "npm:@agentmemory/mcp"
specifiers = ["0.9.28"]

[[tools."npm:@google/gemini-cli"]]
version = "0.41.2"
backend = "npm:@google/gemini-cli"
specifiers = ["0.41.2"]

[[tools."npm:@juliusbrussee/caveman-code"]]
version = "0.65.2"
backend = "npm:@juliusbrussee/caveman-code"
specifiers = ["0.65.2"]

[[tools."npm:@opencode-ai/cli"]]
version = "next"
backend = "npm:@opencode-ai/cli"
specifiers = ["next"]

[tools."npm:@opencode-ai/cli".options]
allow_builds = '["@opencode-ai/cli"]'

[[tools."npm:aicommits"]]
version = "3.1.2"
backend = "npm:aicommits"
specifiers = ["3.1.2"]

[[tools."npm:openclaw"]]
version = "2026.9.2"
backend = "npm:openclaw"
specifiers = ["latest"]

[tools."npm:openclaw".options]
allow_builds = '["openclaw"]'

[[tools."npm:wrangler"]]
version = "4.88.0"
backend = "npm:wrangler"
specifiers = ["4.88.0"]

[[tools.ripgrep]]
version = "14.1.1"
backend = "aqua:BurntSushi/ripgrep"
specifiers = ["14.1.1"]

[tools.ripgrep."platforms.linux-arm64"]
checksum = "sha256:c827481c4ff4ea10c9dc7a4022c8de5db34a5737cb74484d62eb94a95841ab2f"
url = "https://github.com/BurntSushi/ripgrep/releases/download/14.1.1/ripgrep-14.1.1-aarch64-unknown-linux-gnu.tar.gz"
url_api = "https://api.github.com/repos/BurntSushi/ripgrep/releases/assets/191354198"

[tools.ripgrep."platforms.linux-x64"]
checksum = "sha256:4cf9f2741e6c465ffdb7c26f38056a59e2a2544b51f7cc128ef28337eeae4d8e"
url = "https://github.com/BurntSushi/ripgrep/releases/download/14.1.1/ripgrep-14.1.1-x86_64-unknown-linux-musl.tar.gz"
url_api = "https://api.github.com/repos/BurntSushi/ripgrep/releases/assets/191354314"

[tools.ripgrep."platforms.macos-arm64"]
checksum = "sha256:24ad76777745fbff131c8fbc466742b011f925bfa4fffa2ded6def23b5b937be"
url = "https://github.com/BurntSushi/ripgrep/releases/download/14.1.1/ripgrep-14.1.1-aarch64-apple-darwin.tar.gz"
url_api = "https://api.github.com/repos/BurntSushi/ripgrep/releases/assets/191355384"

[tools.ripgrep."platforms.macos-x64"]
checksum = "sha256:fc87e78f7cb3fea12d69072e7ef3b21509754717b746368fd40d88963630e2b3"
url = "https://github.com/BurntSushi/ripgrep/releases/download/14.1.1/ripgrep-14.1.1-x86_64-apple-darwin.tar.gz"
url_api = "https://api.github.com/repos/BurntSushi/ripgrep/releases/assets/191353907"

[tools.ripgrep."platforms.windows-x64"]
url = "https://github.com/BurntSushi/ripgrep/releases/download/14.1.1/ripgrep-14.1.1-x86_64-pc-windows-msvc.zip"
url_api = "https://api.github.com/repos/BurntSushi/ripgrep/releases/assets/191354245"

[[tools.starship]]
version = "1.23.0"
backend = "aqua:starship/starship"
specifiers = ["1.23.0"]

[tools.starship."platforms.linux-arm64"]
checksum = "sha256:d37040138c68b5f3334bbe16d4615f0a83829deebecc5d014e779c302e8270d8"
url = "https://github.com/starship/starship/releases/download/v1.23.0/starship-aarch64-unknown-linux-musl.tar.gz"
url_api = "https://api.github.com/repos/starship/starship/releases/assets/249905168"

[tools.starship."platforms.linux-x64"]
checksum = "sha256:cef41df04378c6f692913c5d9c1032d3b9a4369a1d2f3296c8300ed8838c2197"
url = "https://github.com/starship/starship/releases/download/v1.23.0/starship-x86_64-unknown-linux-gnu.tar.gz"
url_api = "https://api.github.com/repos/starship/starship/releases/assets/249905159"

[tools.starship."platforms.macos-arm64"]
checksum = "sha256:042c8001275316836a3c43fdb88d0787395edfd0c10d209e4892ab5577b80d57"
url = "https://github.com/starship/starship/releases/download/v1.23.0/starship-aarch64-apple-darwin.tar.gz"
url_api = "https://api.github.com/repos/starship/starship/releases/assets/249905184"

[tools.starship."platforms.macos-x64"]
checksum = "sha256:8cac7a18fb1faf0aec50bd221dd71ecc8553850d99c212231851ae64ba11f089"
url = "https://github.com/starship/starship/releases/download/v1.23.0/starship-x86_64-apple-darwin.tar.gz"
url_api = "https://api.github.com/repos/starship/starship/releases/assets/249905173"

[tools.starship."platforms.windows-x64"]
checksum = "sha256:50e670dda19bcc480ae4d1f7f0d3c7a092693252292406b54ababa706100f03c"
url = "https://github.com/starship/starship/releases/download/v1.23.0/starship-x86_64-pc-windows-msvc.zip"
url_api = "https://api.github.com/repos/starship/starship/releases/assets/249905163"

[[tools.tmux]]
version = "3.6b"
backend = "aqua:tmux/tmux-builds"
specifiers = ["latest"]

[tools.tmux."platforms.linux-arm64"]
checksum = "sha256:fd4a2206c5e468dd2ee4e9a65f2d40e0762551965d7fdbe849c494ab14f513e9"
url = "https://github.com/tmux/tmux-builds/releases/download/v3.6b/tmux-3.6b-linux-arm64.tar.gz"
url_api = "https://api.github.com/repos/tmux/tmux-builds/releases/assets/425172968"

[tools.tmux."platforms.linux-x64"]
checksum = "sha256:002a6f4fd52212600fa0d72d865dcf328e5b8b6e83c179788144d8587b75677a"
url = "https://github.com/tmux/tmux-builds/releases/download/v3.6b/tmux-3.6b-linux-x86_64.tar.gz"
url_api = "https://api.github.com/repos/tmux/tmux-builds/releases/assets/425172970"

[tools.tmux."platforms.macos-arm64"]
checksum = "sha256:88323402bd28d21103239caf009b130086ebf334807de485d4a1e1c7188ee810"
url = "https://github.com/tmux/tmux-builds/releases/download/v3.6b/tmux-3.6b-macos-arm64.tar.gz"
url_api = "https://api.github.com/repos/tmux/tmux-builds/releases/assets/425172971"

[tools.tmux."platforms.macos-x64"]
checksum = "sha256:073f6e2c2baa7eb5d643563600ee6052ca8619f3ec5a0cfdf99c56397fb72c94"
url = "https://github.com/tmux/tmux-builds/releases/download/v3.6b/tmux-3.6b-macos-x86_64.tar.gz"
url_api = "https://api.github.com/repos/tmux/tmux-builds/releases/assets/425172972"

[[tools."ubi:supabase/cli"]]
version = "2.98.2"
backend = "ubi:supabase/cli"
specifiers = ["2.98.2"]

[tools."ubi:supabase/cli".options]
exe = "supabase"

[[tools.uv]]
version = "0.11.28"
backend = "aqua:astral-sh/uv"
specifiers = ["latest"]

[tools.uv."platforms.linux-arm64"]
checksum = "sha256:03e9fe0a81b0718d0bc84625de3885df6cc3f89a8b6af6121d6b9f6113fb6533"
url = "https://github.com/astral-sh/uv/releases/download/0.11.28/uv-aarch64-unknown-linux-gnu.tar.gz"
url_api = "https://api.github.com/repos/astral-sh/uv/releases/assets/469655712"
provenance = "github-attestations"

[tools.uv."platforms.linux-x64"]
checksum = "sha256:e490a6464492183c5d4534a5527fb4440f7f2bb2f228162ad7e4afe076dc0224"
url = "https://github.com/astral-sh/uv/releases/download/0.11.28/uv-x86_64-unknown-linux-gnu.tar.gz"
url_api = "https://api.github.com/repos/astral-sh/uv/releases/assets/469655822"
provenance = "github-attestations"

[tools.uv."platforms.macos-arm64"]
checksum = "sha256:33540eb7c883ab857eff79bd5ac2aa31fe27b595abecb4a9c003a2c998447232"
url = "https://github.com/astral-sh/uv/releases/download/0.11.28/uv-aarch64-apple-darwin.tar.gz"
url_api = "https://api.github.com/repos/astral-sh/uv/releases/assets/469655699"
provenance = "github-attestations"

[tools.uv."platforms.macos-x64"]
checksum = "sha256:2ad79983127ffca7d77b77ce6a24278d7e4f7b817a1acf72fea5f8124b4aac5e"
url = "https://github.com/astral-sh/uv/releases/download/0.11.28/uv-x86_64-apple-darwin.tar.gz"
url_api = "https://api.github.com/repos/astral-sh/uv/releases/assets/469655811"
provenance = "github-attestations"

[tools.uv."platforms.windows-x64"]
checksum = "sha256:0a23463216d09c6a72ff80ef5dc5a795f07dc1575cb84d24596c2f124a441b7b"
url = "https://github.com/astral-sh/uv/releases/download/0.11.28/uv-x86_64-pc-windows-msvc.zip"
url_api = "https://api.github.com/repos/astral-sh/uv/releases/assets/469655815"
provenance = "github-attestations"

[[tools.zellij]]
version = "0.43.0"
backend = "aqua:zellij-org/zellij"
specifiers = ["0.43.0"]

[tools.zellij."platforms.linux-arm64"]
checksum = "sha256:8b237b1dd7f0d2634e985347db8cad0cd5d67cfe01194f1b940abd89aff83e55"
url = "https://github.com/zellij-org/zellij/releases/download/v0.43.0/zellij-aarch64-unknown-linux-musl.tar.gz"
url_api = "https://api.github.com/repos/zellij-org/zellij/releases/assets/279471578"

[tools.zellij."platforms.linux-x64"]
checksum = "sha256:00070e052a86e3072dbd626cc0a0295106e7ed74c42871ba38185d4ebbcae58a"
url = "https://github.com/zellij-org/zellij/releases/download/v0.43.0/zellij-x86_64-unknown-linux-musl.tar.gz"
url_api = "https://api.github.com/repos/zellij-org/zellij/releases/assets/279471561"

[tools.zellij."platforms.macos-arm64"]
checksum = "sha256:03569f56e3f31d24471128169ba32be476c5dd25b261ae9193645bf7a2e52e7c"
url = "https://github.com/zellij-org/zellij/releases/download/v0.43.0/zellij-aarch64-apple-darwin.tar.gz"
url_api = "https://api.github.com/repos/zellij-org/zellij/releases/assets/279471579"

[tools.zellij."platforms.macos-x64"]
checksum = "sha256:d4933b805e127cc60edb77cf9356995863eb484aa014bc2f90804384ce1bb852"
url = "https://github.com/zellij-org/zellij/releases/download/v0.43.0/zellij-x86_64-apple-darwin.tar.gz"
url_api = "https://api.github.com/repos/zellij-org/zellij/releases/assets/279470782"

[[tools.zoxide]]
version = "0.9.8"
backend = "aqua:ajeetdsouza/zoxide"
specifiers = ["0.9.8"]

[tools.zoxide."platforms.linux-arm64"]
url = "https://github.com/ajeetdsouza/zoxide/releases/download/v0.9.8/zoxide-0.9.8-aarch64-unknown-linux-musl.tar.gz"
url_api = "https://api.github.com/repos/ajeetdsouza/zoxide/releases/assets/258335142"

[tools.zoxide."platforms.linux-x64"]
url = "https://github.com/ajeetdsouza/zoxide/releases/download/v0.9.8/zoxide-0.9.8-x86_64-unknown-linux-musl.tar.gz"
url_api = "https://api.github.com/repos/ajeetdsouza/zoxide/releases/assets/258335140"

[tools.zoxide."platforms.macos-arm64"]
url = "https://github.com/ajeetdsouza/zoxide/releases/download/v0.9.8/zoxide-0.9.8-aarch64-apple-darwin.tar.gz"
url_api = "https://api.github.com/repos/ajeetdsouza/zoxide/releases/assets/258335957"

[tools.zoxide."platforms.macos-x64"]
url = "https://github.com/ajeetdsouza/zoxide/releases/download/v0.9.8/zoxide-0.9.8-x86_64-apple-darwin.tar.gz"
url_api = "https://api.github.com/repos/ajeetdsouza/zoxide/releases/assets/258335105"

[tools.zoxide."platforms.windows-x64"]
url = "https://github.com/ajeetdsouza/zoxide/releases/download/v0.9.8/zoxide-0.9.8-x86_64-pc-windows-msvc.zip"
url_api = "https://api.github.com/repos/ajeetdsouza/zoxide/releases/assets/258335168"
